
Microsoft Visual Studio Solution File, Format Version 12.00
# Visual Studio Version 17
VisualStudioVersion = 17.4.33213.308
MinimumVisualStudioVersion = 10.0.40219.1
Project("{2150E333-8FDC-42A3-9474-1A3956D46DE8}") = "src", "src", "{5109D185-FEA9-4D88-AA05-7AE27BAB54F6}"
EndProject
Project("{2150E333-8FDC-42A3-9474-1A3956D46DE8}") = "CorePackages", "CorePackages", "{C04331C4-FE02-4B37-9C72-21C4306B97C0}"
EndProject
Project("{9A19103F-16F7-4668-BE54-9A1E7A4F7556}") = "Core.Mailing", "src\CorePackages\Core.Mailing\Core.Mailing.csproj", "{D5C9DB5E-553E-4F06-B317-961AF2BB7F91}"
EndProject
Project("{9A19103F-16F7-4668-BE54-9A1E7A4F7556}") = "Core.Application", "src\CorePackages\Core.Application\Core.Application.csproj", "{81A6676E-B911-4A8E-89D8-C9D9211050CE}"
EndProject
Project("{9A19103F-16F7-4668-BE54-9A1E7A4F7556}") = "Core.Security", "src\CorePackages\Core.Security\Core.Security.csproj", "{1FE009C8-7852-4742-9351-CB0A6A1F06C2}"
EndProject
Project("{9A19103F-16F7-4668-BE54-9A1E7A4F7556}") = "Core.Persistance", "src\CorePackages\Core.Persistance\Core.Persistance.csproj", "{28D57446-813B-4786-8457-57F39AFB6CC0}"
EndProject
Project("{9A19103F-16F7-4668-BE54-9A1E7A4F7556}") = "Core.CrossCuttingConcern", "src\CorePackages\CrossCuttingConcern\Core.CrossCuttingConcern.csproj", "{FA3EA9FC-0389-49F8-864D-9DB584BAFC3F}"
EndProject
Project("{FAE04EC0-301F-11D3-BF4B-00C04F79EFBC}") = "Core.ElasticSearch", "src\CorePackages\Core.ElasticSearch\Core.ElasticSearch.csproj", "{70D0D0A6-8BB6-4740-A1D9-0EE8A41CAC5B}"
EndProject
Global
	GlobalSection(SolutionConfigurationPlatforms) = preSolution
		Debug|Any CPU = Debug|Any CPU
		Release|Any CPU = Release|Any CPU
	EndGlobalSection
	GlobalSection(ProjectConfigurationPlatforms) = postSolution
		{D5C9DB5E-553E-4F06-B317-961AF2BB7F91}.Debug|Any CPU.ActiveCfg = Debug|Any CPU
		{D5C9DB5E-553E-4F06-B317-961AF2BB7F91}.Debug|Any CPU.Build.0 = Debug|Any CPU
		{D5C9DB5E-553E-4F06-B317-961AF2BB7F91}.Release|Any CPU.ActiveCfg = Release|Any CPU
		{D5C9DB5E-553E-4F06-B317-961AF2BB7F91}.Release|Any CPU.Build.0 = Release|Any CPU
		{81A6676E-B911-4A8E-89D8-C9D9211050CE}.Debug|Any CPU.ActiveCfg = Debug|Any CPU
		{81A6676E-B911-4A8E-89D8-C9D9211050CE}.Debug|Any CPU.Build.0 = Debug|Any CPU
		{81A6676E-B911-4A8E-89D8-C9D9211050CE}.Release|Any CPU.ActiveCfg = Release|Any CPU
		{81A6676E-B911-4A8E-89D8-C9D9211050CE}.Release|Any CPU.Build.0 = Release|Any CPU
		{1FE009C8-7852-4742-9351-CB0A6A1F06C2}.Debug|Any CPU.ActiveCfg = Debug|Any CPU
		{1FE009C8-7852-4742-9351-CB0A6A1F06C2}.Debug|Any CPU.Build.0 = Debug|Any CPU
		{1FE009C8-7852-4742-9351-CB0A6A1F06C2}.Release|Any CPU.ActiveCfg = Release|Any CPU
		{1FE009C8-7852-4742-9351-CB0A6A1F06C2}.Release|Any CPU.Build.0 = Release|Any CPU
		{28D57446-813B-4786-8457-57F39AFB6CC0}.Debug|Any CPU.ActiveCfg = Debug|Any CPU
		{28D57446-813B-4786-8457-57F39AFB6CC0}.Debug|Any CPU.Build.0 = Debug|Any CPU
		{28D57446-813B-4786-8457-57F39AFB6CC0}.Release|Any CPU.ActiveCfg = Release|Any CPU
		{28D57446-813B-4786-8457-57F39AFB6CC0}.Release|Any CPU.Build.0 = Release|Any CPU
		{FA3EA9FC-0389-49F8-864D-9DB584BAFC3F}.Debug|Any CPU.ActiveCfg = Debug|Any CPU
		{FA3EA9FC-0389-49F8-864D-9DB584BAFC3F}.Debug|Any CPU.Build.0 = Debug|Any CPU
		{FA3EA9FC-0389-49F8-864D-9DB584BAFC3F}.Release|Any CPU.ActiveCfg = Release|Any CPU
		{FA3EA9FC-0389-49F8-864D-9DB584BAFC3F}.Release|Any CPU.Build.0 = Release|Any CPU
		{70D0D0A6-8BB6-4740-A1D9-0EE8A41CAC5B}.Debug|Any CPU.ActiveCfg = Debug|Any CPU
		{70D0D0A6-8BB6-4740-A1D9-0EE8A41CAC5B}.Debug|Any CPU.Build.0 = Debug|Any CPU
		{70D0D0A6-8BB6-4740-A1D9-0EE8A41CAC5B}.Release|Any CPU.ActiveCfg = Release|Any CPU
		{70D0D0A6-8BB6-4740-A1D9-0EE8A41CAC5B}.Release|Any CPU.Build.0 = Release|Any CPU
	EndGlobalSection
	GlobalSection(SolutionProperties) = preSolution
		HideSolutionNode = FALSE
	EndGlobalSection
	GlobalSection(NestedProjects) = preSolution
		{C04331C4-FE02-4B37-9C72-21C4306B97C0} = {5109D185-FEA9-4D88-AA05-7AE27BAB54F6}
		{D5C9DB5E-553E-4F06-B317-961AF2BB7F91} = {C04331C4-FE02-4B37-9C72-21C4306B97C0}
		{81A6676E-B911-4A8E-89D8-C9D9211050CE} = {C04331C4-FE02-4B37-9C72-21C4306B97C0}
		{1FE009C8-7852-4742-9351-CB0A6A1F06C2} = {C04331C4-FE02-4B37-9C72-21C4306B97C0}
		{28D57446-813B-4786-8457-57F39AFB6CC0} = {C04331C4-FE02-4B37-9C72-21C4306B97C0}
		{FA3EA9FC-0389-49F8-864D-9DB584BAFC3F} = {C04331C4-FE02-4B37-9C72-21C4306B97C0}
		{70D0D0A6-8BB6-4740-A1D9-0EE8A41CAC5B} = {C04331C4-FE02-4B37-9C72-21C4306B97C0}
	EndGlobalSection
	GlobalSection(ExtensibilityGlobals) = postSolution
		SolutionGuid = {9A5333DB-66F0-4646-A0CE-DCB04EE0E58F}
	EndGlobalSection
EndGlobal
